
Microsoft Visual Studio Solution File, Format Version 12.00
# Visual Studio Version 17
VisualStudioVersion = 17.3.32825.248
MinimumVisualStudioVersion = 10.0.40219.1
Project("{FAE04EC0-301F-11D3-BF4B-00C04F79EFBC}") = "Ispan.Utility", "Ispan.Utility\Ispan.Utility.csproj", "{CBD67734-DFFE-4E46-AEED-6DB9C4C74616}"
EndProject
Project("{FAE04EC0-301F-11D3-BF4B-00C04F79EFBC}") = "Exec3_MaintainUsers", "Exec3_MaintainUsers\Exec3_MaintainUsers.csproj", "{88FE8F4C-A2FA-475C-8173-616DF6C12C89}"
EndProject
Global
	GlobalSection(SolutionConfigurationPlatforms) = preSolution
		Debug|Any CPU = Debug|Any CPU
		Release|Any CPU = Release|Any CPU
	EndGlobalSection
	GlobalSection(ProjectConfigurationPlatforms) = postSolution
		{CBD67734-DFFE-4E46-AEED-6DB9C4C74616}.Debug|Any CPU.ActiveCfg = Debug|Any CPU
		{CBD67734-DFFE-4E46-AEED-6DB9C4C74616}.Debug|Any CPU.Build.0 = Debug|Any CPU
		{CBD67734-DFFE-4E46-AEED-6DB9C4C74616}.Release|Any CPU.ActiveCfg = Release|Any CPU
		{CBD67734-DFFE-4E46-AEED-6DB9C4C74616}.Release|Any CPU.Build.0 = Release|Any CPU
		{88FE8F4C-A2FA-475C-8173-616DF6C12C89}.Debug|Any CPU.ActiveCfg = Debug|Any CPU
		{88FE8F4C-A2FA-475C-8173-616DF6C12C89}.Debug|Any CPU.Build.0 = Debug|Any CPU
		{88FE8F4C-A2FA-475C-8173-616DF6C12C89}.Release|Any CPU.ActiveCfg = Release|Any CPU
		{88FE8F4C-A2FA-475C-8173-616DF6C12C89}.Release|Any CPU.Build.0 = Release|Any CPU
	EndGlobalSection
	GlobalSection(SolutionProperties) = preSolution
		HideSolutionNode = FALSE
	EndGlobalSection
	GlobalSection(ExtensibilityGlobals) = postSolution
		SolutionGuid = {EFC86440-221C-48ED-A306-C1C56EE7519A}
	EndGlobalSection
EndGlobal
